// !$*UTF8*$!
{
	archiveVersion = 1;
	classes = {
	};
	objectVersion = 50;
	objects = {

/* Begin PBXBuildFile section */
		021BC820229C8F0600862276 /* PhotoGridCell.swift in Sources */ = {isa = PBXBuildFile; fileRef = 021BC81F229C8F0600862276 /* PhotoGridCell.swift */; };
		021BC826229CA57900862276 /* VirtualTourist.xcdatamodeld in Sources */ = {isa = PBXBuildFile; fileRef = 021BC824229CA57900862276 /* VirtualTourist.xcdatamodeld */; };
		021BC828229CA63F00862276 /* CoreData.swift in Sources */ = {isa = PBXBuildFile; fileRef = 021BC827229CA63F00862276 /* CoreData.swift */; };
		02253C022298784D008F82DA /* AppDelegate.swift in Sources */ = {isa = PBXBuildFile; fileRef = 02253C012298784D008F82DA /* AppDelegate.swift */; };
		02253C072298784D008F82DA /* Main.storyboard in Resources */ = {isa = PBXBuildFile; fileRef = 02253C052298784D008F82DA /* Main.storyboard */; };
		02253C092298784F008F82DA /* Assets.xcassets in Resources */ = {isa = PBXBuildFile; fileRef = 02253C082298784F008F82DA /* Assets.xcassets */; };
		02253C0C2298784F008F82DA /* LaunchScreen.storyboard in Resources */ = {isa = PBXBuildFile; fileRef = 02253C0A2298784F008F82DA /* LaunchScreen.storyboard */; };
		024A174B22A205BE007A67CA /* Json.swift in Sources */ = {isa = PBXBuildFile; fileRef = 024A174A22A205BE007A67CA /* Json.swift */; };
		027945672299CBB300F81968 /* MapViewController.swift in Sources */ = {isa = PBXBuildFile; fileRef = 027945662299CBB300F81968 /* MapViewController.swift */; };
		027945692299CE2000F81968 /* PhotoGridViewController.swift in Sources */ = {isa = PBXBuildFile; fileRef = 027945682299CE2000F81968 /* PhotoGridViewController.swift */; };
		02959AFB229CB87100B52D8C /* APICommands.swift in Sources */ = {isa = PBXBuildFile; fileRef = 02959AFA229CB87100B52D8C /* APICommands.swift */; };
/* End PBXBuildFile section */

/* Begin PBXFileReference section */
		021BC81F229C8F0600862276 /* PhotoGridCell.swift */ = {isa = PBXFileReference; lastKnownFileType = sourcecode.swift; path = PhotoGridCell.swift; sourceTree = "<group>"; };
		021BC825229CA57900862276 /* VirtualTourist.xcdatamodel */ = {isa = PBXFileReference; lastKnownFileType = wrapper.xcdatamodel; path = VirtualTourist.xcdatamodel; sourceTree = "<group>"; };
		021BC827229CA63F00862276 /* CoreData.swift */ = {isa = PBXFileReference; lastKnownFileType = sourcecode.swift; path = CoreData.swift; sourceTree = "<group>"; };
		02253BFE2298784D008F82DA /* VirtualTourist.app */ = {isa = PBXFileReference; explicitFileType = wrapper.application; includeInIndex = 0; path = VirtualTourist.app; sourceTree = BUILT_PRODUCTS_DIR; };
		02253C012298784D008F82DA /* AppDelegate.swift */ = {isa = PBXFileReference; lastKnownFileType = sourcecode.swift; path = AppDelegate.swift; sourceTree = "<group>"; };
		02253C062298784D008F82DA /* Base */ = {isa = PBXFileReference; lastKnownFileType = file.storyboard; name = Base; path = Base.lproj/Main.storyboard; sourceTree = "<group>"; };
		02253C082298784F008F82DA /* Assets.xcassets */ = {isa = PBXFileReference; lastKnownFileType = folder.assetcatalog; path = Assets.xcassets; sourceTree = "<group>"; };
		02253C0B2298784F008F82DA /* Base */ = {isa = PBXFileReference; lastKnownFileType = file.storyboard; name = Base; path = Base.lproj/LaunchScreen.storyboard; sourceTree = "<group>"; };
		02253C0D2298784F008F82DA /* Info.plist */ = {isa = PBXFileReference; lastKnownFileType = text.plist.xml; path = Info.plist; sourceTree = "<group>"; };
		024A174A22A205BE007A67CA /* Json.swift */ = {isa = PBXFileReference; lastKnownFileType = sourcecode.swift; path = Json.swift; sourceTree = "<group>"; };
		027945662299CBB300F81968 /* MapViewController.swift */ = {isa = PBXFileReference; lastKnownFileType = sourcecode.swift; path = MapViewController.swift; sourceTree = "<group>"; };
		027945682299CE2000F81968 /* PhotoGridViewController.swift */ = {isa = PBXFileReference; lastKnownFileType = sourcecode.swift; path = PhotoGridViewController.swift; sourceTree = "<group>"; };
		02959AFA229CB87100B52D8C /* APICommands.swift */ = {isa = PBXFileReference; lastKnownFileType = sourcecode.swift; path = APICommands.swift; sourceTree = "<group>"; };
/* End PBXFileReference section */

/* Begin PBXFrameworksBuildPhase section */
		02253BFB2298784D008F82DA /* Frameworks */ = {
			isa = PBXFrameworksBuildPhase;
			buildActionMask = 2147483647;
			files = (
			);
			runOnlyForDeploymentPostprocessing = 0;
		};
/* End PBXFrameworksBuildPhase section */

/* Begin PBXGroup section */
		021BC81E229C8EED00862276 /* Other */ = {
			isa = PBXGroup;
			children = (
				021BC81F229C8F0600862276 /* PhotoGridCell.swift */,
				024A174A22A205BE007A67CA /* Json.swift */,
				02959AFA229CB87100B52D8C /* APICommands.swift */,
			);
			path = Other;
			sourceTree = "<group>";
		};
		021BC829229CA6D300862276 /* Main */ = {
			isa = PBXGroup;
			children = (
				02253C012298784D008F82DA /* AppDelegate.swift */,
				02253C052298784D008F82DA /* Main.storyboard */,
				02253C082298784F008F82DA /* Assets.xcassets */,
				02253C0A2298784F008F82DA /* LaunchScreen.storyboard */,
			);
			path = Main;
			sourceTree = "<group>";
		};
		021BC82A229CA6FD00862276 /* Models */ = {
			isa = PBXGroup;
			children = (
				021BC824229CA57900862276 /* VirtualTourist.xcdatamodeld */,
				021BC827229CA63F00862276 /* CoreData.swift */,
			);
			path = Models;
			sourceTree = "<group>";
		};
		02253BF52298784D008F82DA = {
			isa = PBXGroup;
			children = (
				02253C002298784D008F82DA /* VirtualTourist */,
				02253BFF2298784D008F82DA /* Products */,
			);
			sourceTree = "<group>";
		};
		02253BFF2298784D008F82DA /* Products */ = {
			isa = PBXGroup;
			children = (
				02253BFE2298784D008F82DA /* VirtualTourist.app */,
			);
			name = Products;
			sourceTree = "<group>";
		};
		02253C002298784D008F82DA /* VirtualTourist */ = {
			isa = PBXGroup;
			children = (
				02253C0D2298784F008F82DA /* Info.plist */,
				021BC829229CA6D300862276 /* Main */,
				021BC82A229CA6FD00862276 /* Models */,
				027945652299CBA500F81968 /* View Controllers */,
				021BC81E229C8EED00862276 /* Other */,
			);
			path = VirtualTourist;
			sourceTree = "<group>";
		};
		027945652299CBA500F81968 /* View Controllers */ = {
			isa = PBXGroup;
			children = (
				027945662299CBB300F81968 /* MapViewController.swift */,
				027945682299CE2000F81968 /* PhotoGridViewController.swift */,
			);
			path = "View Controllers";
			sourceTree = "<group>";
		};
/* End PBXGroup section */

/* Begin PBXNativeTarget section */
		02253BFD2298784D008F82DA /* VirtualTourist */ = {
			isa = PBXNativeTarget;
			buildConfigurationList = 02253C102298784F008F82DA /* Build configuration list for PBXNativeTarget "VirtualTourist" */;
			buildPhases = (
				02253BFA2298784D008F82DA /* Sources */,
				02253BFB2298784D008F82DA /* Frameworks */,
				02253BFC2298784D008F82DA /* Resources */,
			);
			buildRules = (
			);
			dependencies = (
			);
			name = VirtualTourist;
			productName = VirtualTourist;
			productReference = 02253BFE2298784D008F82DA /* VirtualTourist.app */;
			productType = "com.apple.product-type.application";
		};
/* End PBXNativeTarget section */

/* Begin PBXProject section */
		02253BF62298784D008F82DA /* Project object */ = {
			isa = PBXProject;
			attributes = {
				LastSwiftUpdateCheck = 1020;
				LastUpgradeCheck = 1020;
				ORGANIZATIONNAME = TAPS;
				TargetAttributes = {
					02253BFD2298784D008F82DA = {
						CreatedOnToolsVersion = 10.2.1;
					};
				};
			};
			buildConfigurationList = 02253BF92298784D008F82DA /* Build configuration list for PBXProject "VirtualTourist" */;
			compatibilityVersion = "Xcode 9.3";
			developmentRegion = en;
			hasScannedForEncodings = 0;
			knownRegions = (
				en,
				Base,
			);
			mainGroup = 02253BF52298784D008F82DA;
			productRefGroup = 02253BFF2298784D008F82DA /* Products */;
			projectDirPath = "";
			projectRoot = "";
			targets = (
				02253BFD2298784D008F82DA /* VirtualTourist */,
			);
		};
/* End PBXProject section */

/* Begin PBXResourcesBuildPhase section */
		02253BFC2298784D008F82DA /* Resources */ = {
			isa = PBXResourcesBuildPhase;
			buildActionMask = 2147483647;
			files = (
				02253C0C2298784F008F82DA /* LaunchScreen.storyboard in Resources */,
				02253C092298784F008F82DA /* Assets.xcassets in Resources */,
				02253C072298784D008F82DA /* Main.storyboard in Resources */,
			);
			runOnlyForDeploymentPostprocessing = 0;
		};
/* End PBXResourcesBuildPhase section */

/* Begin PBXSourcesBuildPhase section */
		02253BFA2298784D008F82DA /* Sources */ = {
			isa = PBXSourcesBuildPhase;
			buildActionMask = 2147483647;
			files = (
				02253C022298784D008F82DA /* AppDelegate.swift in Sources */,
				021BC826229CA57900862276 /* VirtualTourist.xcdatamodeld in Sources */,
				027945672299CBB300F81968 /* MapViewController.swift in Sources */,
				021BC820229C8F0600862276 /* PhotoGridCell.swift in Sources */,
				02959AFB229CB87100B52D8C /* APICommands.swift in Sources */,
				021BC828229CA63F00862276 /* CoreData.swift in Sources */,
				027945692299CE2000F81968 /* PhotoGridViewController.swift in Sources */,
				024A174B22A205BE007A67CA /* Json.swift in Sources */,
			);
			runOnlyForDeploymentPostprocessing = 0;
		};
/* End PBXSourcesBuildPhase section */

/* Begin PBXVariantGroup section */
		02253C052298784D008F82DA /* Main.storyboard */ = {
			isa = PBXVariantGroup;
			children = (
				02253C062298784D008F82DA /* Base */,
			);
			name = Main.storyboard;
			sourceTree = "<group>";
		};
		02253C0A2298784F008F82DA /* LaunchScreen.storyboard */ = {
			isa = PBXVariantGroup;
			children = (
				02253C0B2298784F008F82DA /* Base */,
			);
			name = LaunchScreen.storyboard;
			sourceTree = "<group>";
		};
/* End PBXVariantGroup section */

/* Begin XCBuildConfiguration section */
		02253C0E2298784F008F82DA /* Debug */ = {
			isa = XCBuildConfiguration;
			buildSettings = {
				ALWAYS_SEARCH_USER_PATHS = NO;
				CLANG_ANALYZER_NONNULL = YES;
				CLANG_ANALYZER_NUMBER_OBJECT_CONVERSION = YES_AGGRESSIVE;
				CLANG_CXX_LANGUAGE_STANDARD = "gnu++14";
				CLANG_CXX_LIBRARY = "libc++";
				CLANG_ENABLE_MODULES = YES;
				CLANG_ENABLE_OBJC_ARC = YES;
				CLANG_ENABLE_OBJC_WEAK = YES;
				CLANG_WARN_BLOCK_CAPTURE_AUTORELEASING = YES;
				CLANG_WARN_BOOL_CONVERSION = YES;
				CLANG_WARN_COMMA = YES;
				CLANG_WARN_CONSTANT_CONVERSION = YES;
				CLANG_WARN_DEPRECATED_OBJC_IMPLEMENTATIONS = YES;
				CLANG_WARN_DIRECT_OBJC_ISA_USAGE = YES_ERROR;
				CLANG_WARN_DOCUMENTATION_COMMENTS = YES;
				CLANG_WARN_EMPTY_BODY = YES;
				CLANG_WARN_ENUM_CONVERSION = YES;
				CLANG_WARN_INFINITE_RECURSION = YES;
				CLANG_WARN_INT_CONVERSION = YES;
				CLANG_WARN_NON_LITERAL_NULL_CONVERSION = YES;
				CLANG_WARN_OBJC_IMPLICIT_RETAIN_SELF = YES;
				CLANG_WARN_OBJC_LITERAL_CONVERSION = YES;
				CLANG_WARN_OBJC_ROOT_CLASS = YES_ERROR;
				CLANG_WARN_RANGE_LOOP_ANALYSIS = YES;
				CLANG_WARN_STRICT_PROTOTYPES = YES;
				CLANG_WARN_SUSPICIOUS_MOVE = YES;
				CLANG_WARN_UNGUARDED_AVAILABILITY = YES_AGGRESSIVE;
				CLANG_WARN_UNREACHABLE_CODE = YES;
				CLANG_WARN__DUPLICATE_METHOD_MATCH = YES;
				CODE_SIGN_IDENTITY = "iPhone Developer";
				COPY_PHASE_STRIP = NO;
				DEBUG_INFORMATION_FORMAT = dwarf;
				ENABLE_STRICT_OBJC_MSGSEND = YES;
				ENABLE_TESTABILITY = YES;
				GCC_C_LANGUAGE_STANDARD = gnu11;
				GCC_DYNAMIC_NO_PIC = NO;
				GCC_NO_COMMON_BLOCKS = YES;
				GCC_OPTIMIZATION_LEVEL = 0;
				GCC_PREPROCESSOR_DEFINITIONS = (
					"DEBUG=1",
					"$(inherited)",
				);
				GCC_WARN_64_TO_32_BIT_CONVERSION = YES;
				GCC_WARN_ABOUT_RETURN_TYPE = YES_ERROR;
				GCC_WARN_UNDECLARED_SELECTOR = YES;
				GCC_WARN_UNINITIALIZED_AUTOS = YES_AGGRESSIVE;
				GCC_WARN_UNUSED_FUNCTION = YES;
				GCC_WARN_UNUSED_VARIABLE = YES;
				IPHONEOS_DEPLOYMENT_TARGET = 12.2;
				MTL_ENABLE_DEBUG_INFO = INCLUDE_SOURCE;
				MTL_FAST_MATH = YES;
				ONLY_ACTIVE_ARCH = YES;
				SDKROOT = iphoneos;
				SWIFT_ACTIVE_COMPILATION_CONDITIONS = DEBUG;
				SWIFT_OPTIMIZATION_LEVEL = "-Onone";
			};
			name = Debug;
		};
		02253C0F2298784F008F82DA /* Release */ = {
			isa = XCBuildConfiguration;
			buildSettings = {
				ALWAYS_SEARCH_USER_PATHS = NO;
				CLANG_ANALYZER_NONNULL = YES;
				CLANG_ANALYZER_NUMBER_OBJECT_CONVERSION = YES_AGGRESSIVE;
				CLANG_CXX_LANGUAGE_STANDARD = "gnu++14";
				CLANG_CXX_LIBRARY = "libc++";
				CLANG_ENABLE_MODULES = YES;
				CLANG_ENABLE_OBJC_ARC = YES;
				CLANG_ENABLE_OBJC_WEAK = YES;
				CLANG_WARN_BLOCK_CAPTURE_AUTORELEASING = YES;
				CLANG_WARN_BOOL_CONVERSION = YES;
				CLANG_WARN_COMMA = YES;
				CLANG_WARN_CONSTANT_CONVERSION = YES;
				CLANG_WARN_DEPRECATED_OBJC_IMPLEMENTATIONS = YES;
				CLANG_WARN_DIRECT_OBJC_ISA_USAGE = YES_ERROR;
				CLANG_WARN_DOCUMENTATION_COMMENTS = YES;
				CLANG_WARN_EMPTY_BODY = YES;
				CLANG_WARN_ENUM_CONVERSION = YES;
				CLANG_WARN_INFINITE_RECURSION = YES;
				CLANG_WARN_INT_CONVERSION = YES;
				CLANG_WARN_NON_LITERAL_NULL_CONVERSION = YES;
				CLANG_WARN_OBJC_IMPLICIT_RETAIN_SELF = YES;
				CLANG_WARN_OBJC_LITERAL_CONVERSION = YES;
				CLANG_WARN_OBJC_ROOT_CLASS = YES_ERROR;
				CLANG_WARN_RANGE_LOOP_ANALYSIS = YES;
				CLANG_WARN_STRICT_PROTOTYPES = YES;
				CLANG_WARN_SUSPICIOUS_MOVE = YES;
				CLANG_WARN_UNGUARDED_AVAILABILITY = YES_AGGRESSIVE;
				CLANG_WARN_UNREACHABLE_CODE = YES;
				CLANG_WARN__DUPLICATE_METHOD_MATCH = YES;
				CODE_SIGN_IDENTITY = "iPhone Developer";
				COPY_PHASE_STRIP = NO;
				DEBUG_INFORMATION_FORMAT = "dwarf-with-dsym";
				ENABLE_NS_ASSERTIONS = NO;
				ENABLE_STRICT_OBJC_MSGSEND = YES;
				GCC_C_LANGUAGE_STANDARD = gnu11;
				GCC_NO_COMMON_BLOCKS = YES;
				GCC_WARN_64_TO_32_BIT_CONVERSION = YES;
				GCC_WARN_ABOUT_RETURN_TYPE = YES_ERROR;
				GCC_WARN_UNDECLARED_SELECTOR = YES;
				GCC_WARN_UNINITIALIZED_AUTOS = YES_AGGRESSIVE;
				GCC_WARN_UNUSED_FUNCTION = YES;
				GCC_WARN_UNUSED_VARIABLE = YES;
				IPHONEOS_DEPLOYMENT_TARGET = 12.2;
				MTL_ENABLE_DEBUG_INFO = NO;
				MTL_FAST_MATH = YES;
				SDKROOT = iphoneos;
				SWIFT_COMPILATION_MODE = wholemodule;
				SWIFT_OPTIMIZATION_LEVEL = "-O";
				VALIDATE_PRODUCT = YES;
			};
			name = Release;
		};
		02253C112298784F008F82DA /* Debug */ = {
			isa = XCBuildConfiguration;
			buildSettings = {
				ASSETCATALOG_COMPILER_APPICON_NAME = AppIcon;
				CODE_SIGN_STYLE = Automatic;
				DEVELOPMENT_TEAM = 9AAT6U7SLN;
				INFOPLIST_FILE = VirtualTourist/Info.plist;
				LD_RUNPATH_SEARCH_PATHS = (
					"$(inherited)",
					"@executable_path/Frameworks",
				);
				PRODUCT_BUNDLE_IDENTIFIER = com.TAPS.VirtualTourist;
				PRODUCT_NAME = "$(TARGET_NAME)";
				SWIFT_VERSION = 5.0;
				TARGETED_DEVICE_FAMILY = "1,2";
			};
			name = Debug;
		};
		02253C122298784F008F82DA /* Release */ = {
			isa = XCBuildConfiguration;
			buildSettings = {
				ASSETCATALOG_COMPILER_APPICON_NAME = AppIcon;
				CODE_SIGN_STYLE = Automatic;
				DEVELOPMENT_TEAM = 9AAT6U7SLN;
				INFOPLIST_FILE = VirtualTourist/Info.plist;
				LD_RUNPATH_SEARCH_PATHS = (
					"$(inherited)",
					"@executable_path/Frameworks",
				);
				PRODUCT_BUNDLE_IDENTIFIER = com.TAPS.VirtualTourist;
				PRODUCT_NAME = "$(TARGET_NAME)";
				SWIFT_VERSION = 5.0;
				TARGETED_DEVICE_FAMILY = "1,2";
			};
			name = Release;
		};
/* End XCBuildConfiguration section */

/* Begin XCConfigurationList section */
		02253BF92298784D008F82DA /* Build configuration list for PBXProject "VirtualTourist" */ = {
			isa = XCConfigurationList;
			buildConfigurations = (
				02253C0E2298784F008F82DA /* Debug */,
				02253C0F2298784F008F82DA /* Release */,
			);
			defaultConfigurationIsVisible = 0;
			defaultConfigurationName = Release;
		};
		02253C102298784F008F82DA /* Build configuration list for PBXNativeTarget "VirtualTourist" */ = {
			isa = XCConfigurationList;
			buildConfigurations = (
				02253C112298784F008F82DA /* Debug */,
				02253C122298784F008F82DA /* Release */,
			);
			defaultConfigurationIsVisible = 0;
			defaultConfigurationName = Release;
		};
/* End XCConfigurationList section */

/* Begin XCVersionGroup section */
		021BC824229CA57900862276 /* VirtualTourist.xcdatamodeld */ = {
			isa = XCVersionGroup;
			children = (
				021BC825229CA57900862276 /* VirtualTourist.xcdatamodel */,
			);
			currentVersion = 021BC825229CA57900862276 /* VirtualTourist.xcdatamodel */;
			path = VirtualTourist.xcdatamodeld;
			sourceTree = "<group>";
			versionGroupType = wrapper.xcdatamodel;
		};
/* End XCVersionGroup section */
	};
	rootObject = 02253BF62298784D008F82DA /* Project object */;
}
